lockfileVersion: '6.0'

settings:
  autoInstallPeers: true
  excludeLinksFromLockfile: false

dependencies:
  ics:
    specifier: ^3.7.2
    version: 3.7.2
  temporal-polyfill:
    specifier: ^0.1.1
    version: 0.1.1

devDependencies:
  '@types/jquery':
    specifier: ^3.5.26
    version: 3.5.26
  '@types/jqueryui':
    specifier: ^1.12.19
    version: 1.12.19
  '@types/leaflet':
    specifier: ^1.9.12
    version: 1.9.12

packages:

  /@types/geojson@7946.0.14:
    resolution: {integrity: sha512-WCfD5Ht3ZesJUsONdhvm84dmzWOiOzOAqOncN0++w0lBw1o8OuDNJF2McvvCef/yBqb/HYRahp1BYtODFQ8bRg==}
    dev: true

  /@types/jquery@3.5.26:
    resolution: {integrity: sha512-wWYf2NBI6b+1RPQY86B74HSgZNsLAUtr4eFlGQoOQPJw/B3mCMfwWCflZWQ7OKtAB18MJCcYpL6+0NZbMIXl5g==}
    dependencies:
      '@types/sizzle': 2.3.3
    dev: true

  /@types/jqueryui@1.12.19:
    resolution: {integrity: sha512-pbjCT91/GB3kbJ9R2VeCfgTgHnqCrDG7FhLC7jeRnOsUJBxBX4VzTYPwF/qdRDxt7AHwaCzeuIM7IEPdYpfNvg==}
    dependencies:
      '@types/jquery': 3.5.26
    dev: true

  /@types/leaflet@1.9.12:
    resolution: {integrity: sha512-BK7XS+NyRI291HIo0HCfE18Lp8oA30H1gpi1tf0mF3TgiCEzanQjOqNZ4x126SXzzi2oNSZhZ5axJp1k0iM6jg==}
    dependencies:
      '@types/geojson': 7946.0.14
    dev: true

  /@types/sizzle@2.3.3:
    resolution: {integrity: sha512-JYM8x9EGF163bEyhdJBpR2QX1R5naCJHC8ucJylJ3w9/CVBaskdQ8WqBf8MmQrd1kRvp/a4TS8HJ+bxzR7ZJYQ==}
    dev: true

  /ics@3.7.2:
    resolution: {integrity: sha512-UC5bBJYKyzkYZv4/AoIV9dsZw+rwFkUOtHHhnxmb0HTUEpfDmfl5sB9DlePKrTxx6SGMXiIQbiElf66viSTB0A==}
    dependencies:
      nanoid: 3.3.7
      runes2: 1.1.3
      yup: 1.3.3
    dev: false

  /nanoid@3.3.7:
    resolution: {integrity: sha512-eSRppjcPIatRIMC1U6UngP8XFcz8MQWGQdt1MTBQ7NaAmvXDfvNxbvWV3x2y6CdEUciCSsDHDQZbhYaB8QEo2g==}
    engines: {node: ^10 || ^12 || ^13.7 || ^14 || >=15.0.1}
    hasBin: true
    dev: false

  /property-expr@2.0.6:
    resolution: {integrity: sha512-SVtmxhRE/CGkn3eZY1T6pC8Nln6Fr/lu1mKSgRud0eC73whjGfoAogbn78LkD8aFL0zz3bAFerKSnOl7NlErBA==}
    dev: false

  /runes2@1.1.3:
    resolution: {integrity: sha512-sJ/0iVFLne4f2S7cMB1OckBtC9lqkzP5a/wPnDIkbrWzgUsJ+JMQv6y7hk76U7zvbua+je5GltfpsZazUhG05w==}
    dev: false

  /temporal-polyfill@0.1.1:
    resolution: {integrity: sha512-/5e4EVRA0wBI/bEhWLirSjwUg1lELhQyTXxw9zNbVhqjKvI9BLczs+3wtsoD9sn3HN2ImAMW5XJQwAiXgWT+GA==}
    dependencies:
      temporal-spec: 0.1.0
    dev: false

  /temporal-spec@0.1.0:
    resolution: {integrity: sha512-sMNggMeS6trCgMQuudgFHhX1gtBK3e+AT1zGrMsFYG1wlqtRT5E9rcvm3I1iNlvHpJX/3DO6L4qtWAuEl/T04Q==}
    dev: false

  /tiny-case@1.0.3:
    resolution: {integrity: sha512-Eet/eeMhkO6TX8mnUteS9zgPbUMQa4I6Kkp5ORiBD5476/m+PIRiumP5tmh5ioJpH7k51Kehawy2UDfsnxxY8Q==}
    dev: false

  /toposort@2.0.2:
    resolution: {integrity: sha512-0a5EOkAUp8D4moMi2W8ZF8jcga7BgZd91O/yabJCFY8az+XSzeGyTKs0Aoo897iV1Nj6guFq8orWDS96z91oGg==}
    dev: false

  /type-fest@2.19.0:
    resolution: {integrity: sha512-RAH822pAdBgcNMAfWnCBU3CFZcfZ/i1eZjwFU/dsLKumyuuP3niueg2UAukXYF0E2AAoc82ZSSf9J0WQBinzHA==}
    engines: {node: '>=12.20'}
    dev: false

  /yup@1.3.3:
    resolution: {integrity: sha512-v8QwZSsHH2K3/G9WSkp6mZKO+hugKT1EmnMqLNUcfu51HU9MDyhlETT/JgtzprnrnQHPWsjc6MUDMBp/l9fNnw==}
    dependencies:
      property-expr: 2.0.6
      tiny-case: 1.0.3
      toposort: 2.0.2
      type-fest: 2.19.0
    dev: false
