lockfileVersion: '6.0'

settings:
  autoInstallPeers: true
  excludeLinksFromLockfile: false

dependencies:
  '@js-temporal/polyfill':
    specifier: ^0.4.4
    version: 0.4.4
  ics:
    specifier: ^3.7.2
    version: 3.7.2

devDependencies:
  '@types/jquery':
    specifier: ^3.5.26
    version: 3.5.26
  '@types/jqueryui':
    specifier: ^1.12.19
    version: 1.12.19

packages:

  /@js-temporal/polyfill@0.4.4:
    resolution: {integrity: sha512-2X6bvghJ/JAoZO52lbgyAPFj8uCflhTo2g7nkFzEQdXd/D8rEeD4HtmTEpmtGCva260fcd66YNXBOYdnmHqSOg==}
    engines: {node: '>=12'}
    dependencies:
      jsbi: 4.3.0
      tslib: 2.6.2
    dev: false

  /@types/jquery@3.5.26:
    resolution: {integrity: sha512-wWYf2NBI6b+1RPQY86B74HSgZNsLAUtr4eFlGQoOQPJw/B3mCMfwWCflZWQ7OKtAB18MJCcYpL6+0NZbMIXl5g==}
    dependencies:
      '@types/sizzle': 2.3.3
    dev: true

  /@types/jqueryui@1.12.19:
    resolution: {integrity: sha512-pbjCT91/GB3kbJ9R2VeCfgTgHnqCrDG7FhLC7jeRnOsUJBxBX4VzTYPwF/qdRDxt7AHwaCzeuIM7IEPdYpfNvg==}
    dependencies:
      '@types/jquery': 3.5.26
    dev: true

  /@types/sizzle@2.3.3:
    resolution: {integrity: sha512-JYM8x9EGF163bEyhdJBpR2QX1R5naCJHC8ucJylJ3w9/CVBaskdQ8WqBf8MmQrd1kRvp/a4TS8HJ+bxzR7ZJYQ==}
    dev: true

  /ics@3.7.2:
    resolution: {integrity: sha512-UC5bBJYKyzkYZv4/AoIV9dsZw+rwFkUOtHHhnxmb0HTUEpfDmfl5sB9DlePKrTxx6SGMXiIQbiElf66viSTB0A==}
    dependencies:
      nanoid: 3.3.7
      runes2: 1.1.3
      yup: 1.3.3
    dev: false

  /jsbi@4.3.0:
    resolution: {integrity: sha512-SnZNcinB4RIcnEyZqFPdGPVgrg2AcnykiBy0sHVJQKHYeaLUvi3Exj+iaPpLnFVkDPZIV4U0yvgC9/R4uEAZ9g==}
    dev: false

  /nanoid@3.3.7:
    resolution: {integrity: sha512-eSRppjcPIatRIMC1U6UngP8XFcz8MQWGQdt1MTBQ7NaAmvXDfvNxbvWV3x2y6CdEUciCSsDHDQZbhYaB8QEo2g==}
    engines: {node: ^10 || ^12 || ^13.7 || ^14 || >=15.0.1}
    hasBin: true
    dev: false

  /property-expr@2.0.6:
    resolution: {integrity: sha512-SVtmxhRE/CGkn3eZY1T6pC8Nln6Fr/lu1mKSgRud0eC73whjGfoAogbn78LkD8aFL0zz3bAFerKSnOl7NlErBA==}
    dev: false

  /runes2@1.1.3:
    resolution: {integrity: sha512-sJ/0iVFLne4f2S7cMB1OckBtC9lqkzP5a/wPnDIkbrWzgUsJ+JMQv6y7hk76U7zvbua+je5GltfpsZazUhG05w==}
    dev: false

  /tiny-case@1.0.3:
    resolution: {integrity: sha512-Eet/eeMhkO6TX8mnUteS9zgPbUMQa4I6Kkp5ORiBD5476/m+PIRiumP5tmh5ioJpH7k51Kehawy2UDfsnxxY8Q==}
    dev: false

  /toposort@2.0.2:
    resolution: {integrity: sha512-0a5EOkAUp8D4moMi2W8ZF8jcga7BgZd91O/yabJCFY8az+XSzeGyTKs0Aoo897iV1Nj6guFq8orWDS96z91oGg==}
    dev: false

  /tslib@2.6.2:
    resolution: {integrity: sha512-AEYxH93jGFPn/a2iVAwW87VuUIkR1FVUKB77NwMF7nBTDkDrrT/Hpt/IrCJ0QXhW27jTBDcf5ZY7w6RiqTMw2Q==}
    dev: false

  /type-fest@2.19.0:
    resolution: {integrity: sha512-RAH822pAdBgcNMAfWnCBU3CFZcfZ/i1eZjwFU/dsLKumyuuP3niueg2UAukXYF0E2AAoc82ZSSf9J0WQBinzHA==}
    engines: {node: '>=12.20'}
    dev: false

  /yup@1.3.3:
    resolution: {integrity: sha512-v8QwZSsHH2K3/G9WSkp6mZKO+hugKT1EmnMqLNUcfu51HU9MDyhlETT/JgtzprnrnQHPWsjc6MUDMBp/l9fNnw==}
    dependencies:
      property-expr: 2.0.6
      tiny-case: 1.0.3
      toposort: 2.0.2
      type-fest: 2.19.0
    dev: false
